
Microsoft Visual Studio Solution File, Format Version 12.00
# Visual Studio Version 16
VisualStudioVersion = 16.0.30104.148
MinimumVisualStudioVersion = 10.0.40219.1
Project("{FAE04EC0-301F-11D3-BF4B-00C04F79EFBC}") = "CSharpGCM", "CSharpGCM\CSharpGCM.csproj", "{97FE7114-6DE4-4978-8B05-85E8B381B0C7}"
EndProject
Project("{8BC9CEB8-8B4A-11D0-8D11-00A0C91BC942}") = "CPP_GCM", "CPP_GCM\CPP_GCM.vcxproj", "{502ECD5C-1F28-484A-9B7B-813BCFAEBA27}"
EndProject
Global
	GlobalSection(SolutionConfigurationPlatforms) = preSolution
		Debug|Any CPU = Debug|Any CPU
		Debug|x64 = Debug|x64
		Debug|x86 = Debug|x86
		Release|Any CPU = Release|Any CPU
		Release|x64 = Release|x64
		Release|x86 = Release|x86
	EndGlobalSection
	GlobalSection(ProjectConfigurationPlatforms) = postSolution
		{97FE7114-6DE4-4978-8B05-85E8B381B0C7}.Debug|Any CPU.ActiveCfg = Debug|Any CPU
		{97FE7114-6DE4-4978-8B05-85E8B381B0C7}.Debug|Any CPU.Build.0 = Debug|Any CPU
		{97FE7114-6DE4-4978-8B05-85E8B381B0C7}.Debug|x64.ActiveCfg = Debug|Any CPU
		{97FE7114-6DE4-4978-8B05-85E8B381B0C7}.Debug|x64.Build.0 = Debug|Any CPU
		{97FE7114-6DE4-4978-8B05-85E8B381B0C7}.Debug|x86.ActiveCfg = Debug|Any CPU
		{97FE7114-6DE4-4978-8B05-85E8B381B0C7}.Debug|x86.Build.0 = Debug|Any CPU
		{97FE7114-6DE4-4978-8B05-85E8B381B0C7}.Release|Any CPU.ActiveCfg = Release|Any CPU
		{97FE7114-6DE4-4978-8B05-85E8B381B0C7}.Release|Any CPU.Build.0 = Release|Any CPU
		{97FE7114-6DE4-4978-8B05-85E8B381B0C7}.Release|x64.ActiveCfg = Release|Any CPU
		{97FE7114-6DE4-4978-8B05-85E8B381B0C7}.Release|x64.Build.0 = Release|Any CPU
		{97FE7114-6DE4-4978-8B05-85E8B381B0C7}.Release|x86.ActiveCfg = Release|Any CPU
		{97FE7114-6DE4-4978-8B05-85E8B381B0C7}.Release|x86.Build.0 = Release|Any CPU
		{502ECD5C-1F28-484A-9B7B-813BCFAEBA27}.Debug|Any CPU.ActiveCfg = Debug|Win32
		{502ECD5C-1F28-484A-9B7B-813BCFAEBA27}.Debug|x64.ActiveCfg = Debug|x64
		{502ECD5C-1F28-484A-9B7B-813BCFAEBA27}.Debug|x64.Build.0 = Debug|x64
		{502ECD5C-1F28-484A-9B7B-813BCFAEBA27}.Debug|x86.ActiveCfg = Debug|Win32
		{502ECD5C-1F28-484A-9B7B-813BCFAEBA27}.Debug|x86.Build.0 = Debug|Win32
		{502ECD5C-1F28-484A-9B7B-813BCFAEBA27}.Release|Any CPU.ActiveCfg = Release|Win32
		{502ECD5C-1F28-484A-9B7B-813BCFAEBA27}.Release|x64.ActiveCfg = Release|x64
		{502ECD5C-1F28-484A-9B7B-813BCFAEBA27}.Release|x64.Build.0 = Release|x64
		{502ECD5C-1F28-484A-9B7B-813BCFAEBA27}.Release|x86.ActiveCfg = Release|Win32
		{502ECD5C-1F28-484A-9B7B-813BCFAEBA27}.Release|x86.Build.0 = Release|Win32
	EndGlobalSection
	GlobalSection(SolutionProperties) = preSolution
		HideSolutionNode = FALSE
	EndGlobalSection
	GlobalSection(ExtensibilityGlobals) = postSolution
		SolutionGuid = {DC5ED124-FD32-4BD4-9E86-D86185013A3F}
	EndGlobalSection
EndGlobal
